// !$*UTF8*$!
{
	archiveVersion = 1;
	classes = {
	};
	objectVersion = 46;
	objects = {

/* Begin PBXBuildFile section */
		A00177351A328D2E00369A23 /* WhatsBeenDoneTableViewController.swift in Sources */ = {isa = PBXBuildFile; fileRef = A00177341A328D2E00369A23 /* WhatsBeenDoneTableViewController.swift */; };
		A029581B1A505F4A00203BB9 /* SomethingNewIcon.png in Resources */ = {isa = PBXBuildFile; fileRef = A029581A1A505F4A00203BB9 /* SomethingNewIcon.png */; };
		A03E748A1A2D4AB00042461B /* SomthingNewViewController.swift in Sources */ = {isa = PBXBuildFile; fileRef = A03E74891A2D4AB00042461B /* SomthingNewViewController.swift */; };
		A06B8B141A290F60003F3073 /* AppDelegate.swift in Sources */ = {isa = PBXBuildFile; fileRef = A06B8B131A290F60003F3073 /* AppDelegate.swift */; };
		A06B8B171A290F60003F3073 /* SomethingNewEveryDay.xcdatamodeld in Sources */ = {isa = PBXBuildFile; fileRef = A06B8B151A290F60003F3073 /* SomethingNewEveryDay.xcdatamodeld */; };
		A06B8B1E1A290F60003F3073 /* Main.storyboard in Resources */ = {isa = PBXBuildFile; fileRef = A06B8B1C1A290F60003F3073 /* Main.storyboard */; };
		A06B8B201A290F60003F3073 /* Images.xcassets in Resources */ = {isa = PBXBuildFile; fileRef = A06B8B1F1A290F60003F3073 /* Images.xcassets */; };
		A06B8B231A290F60003F3073 /* LaunchScreen.xib in Resources */ = {isa = PBXBuildFile; fileRef = A06B8B211A290F60003F3073 /* LaunchScreen.xib */; };
		A06B8B2F1A290F60003F3073 /* SomethingNewEveryDayTests.swift in Sources */ = {isa = PBXBuildFile; fileRef = A06B8B2E1A290F60003F3073 /* SomethingNewEveryDayTests.swift */; };
		A06B8B3C1A290FBC003F3073 /* Bolts.framework in Frameworks */ = {isa = PBXBuildFile; fileRef = A06B8B381A290FBC003F3073 /* Bolts.framework */; };
		A06B8B3D1A290FBC003F3073 /* Parse.framework in Frameworks */ = {isa = PBXBuildFile; fileRef = A06B8B391A290FBC003F3073 /* Parse.framework */; };
		A06B8B3E1A290FBC003F3073 /* ParseFacebookUtils.framework in Frameworks */ = {isa = PBXBuildFile; fileRef = A06B8B3A1A290FBC003F3073 /* ParseFacebookUtils.framework */; };
		A06B8B3F1A290FBC003F3073 /* ParseUI.framework in Frameworks */ = {isa = PBXBuildFile; fileRef = A06B8B3B1A290FBC003F3073 /* ParseUI.framework */; };
		A06B8B411A2915C5003F3073 /* AudioToolbox.framework in Frameworks */ = {isa = PBXBuildFile; fileRef = A06B8B401A2915C5003F3073 /* AudioToolbox.framework */; };
		A06B8B431A2915F7003F3073 /* CFNetwork.framework in Frameworks */ = {isa = PBXBuildFile; fileRef = A06B8B421A2915F7003F3073 /* CFNetwork.framework */; };
		A06B8B451A291605003F3073 /* CoreGraphics.framework in Frameworks */ = {isa = PBXBuildFile; fileRef = A06B8B441A291605003F3073 /* CoreGraphics.framework */; };
		A06B8B471A291614003F3073 /* CoreLocation.framework in Frameworks */ = {isa = PBXBuildFile; fileRef = A06B8B461A291614003F3073 /* CoreLocation.framework */; };
		A06B8B491A29167F003F3073 /* libz.dylib in Frameworks */ = {isa = PBXBuildFile; fileRef = A06B8B481A29167F003F3073 /* libz.dylib */; };
		A06B8B4B1A2916A9003F3073 /* MobileCoreServices.framework in Frameworks */ = {isa = PBXBuildFile; fileRef = A06B8B4A1A2916A8003F3073 /* MobileCoreServices.framework */; };
		A06B8B4D1A2916B6003F3073 /* QuartzCore.framework in Frameworks */ = {isa = PBXBuildFile; fileRef = A06B8B4C1A2916B6003F3073 /* QuartzCore.framework */; };
		A06B8B4F1A2916C1003F3073 /* Security.framework in Frameworks */ = {isa = PBXBuildFile; fileRef = A06B8B4E1A2916C1003F3073 /* Security.framework */; };
		A06B8B511A2916CD003F3073 /* StoreKit.framework in Frameworks */ = {isa = PBXBuildFile; fileRef = A06B8B501A2916CD003F3073 /* StoreKit.framework */; };
		A06B8B531A2916D9003F3073 /* SystemConfiguration.framework in Frameworks */ = {isa = PBXBuildFile; fileRef = A06B8B521A2916D9003F3073 /* SystemConfiguration.framework */; };
		A06B8B561A2918E9003F3073 /* hopefulHeader.m in Sources */ = {isa = PBXBuildFile; fileRef = A06B8B551A2918E9003F3073 /* hopefulHeader.m */; };
		A07F84F71A3BA9F70059B163 /* DetailViewController.swift in Sources */ = {isa = PBXBuildFile; fileRef = A07F84F61A3BA9F70059B163 /* DetailViewController.swift */; };
		A0BEADA91A771EC1009350E3 /* SmileyTableViewCell.swift in Sources */ = {isa = PBXBuildFile; fileRef = A0BEADA81A771EC1009350E3 /* SmileyTableViewCell.swift */; };
		A0BEADAB1A780DC8009350E3 /* RoundedTextView.swift in Sources */ = {isa = PBXBuildFile; fileRef = A0BEADAA1A780DC8009350E3 /* RoundedTextView.swift */; };
		A0E4FD831A5DBD41008AE432 /* Accounts.framework in Frameworks */ = {isa = PBXBuildFile; fileRef = A0E4FD821A5DBD41008AE432 /* Accounts.framework */; };
		A0E4FD851A5DBD4C008AE432 /* Social.framework in Frameworks */ = {isa = PBXBuildFile; fileRef = A0E4FD841A5DBD4C008AE432 /* Social.framework */; };
/* End PBXBuildFile section */

/* Begin PBXContainerItemProxy section */
		A06B8B291A290F60003F3073 /* PBXContainerItemProxy */ = {
			isa = PBXContainerItemProxy;
			containerPortal = A06B8B061A290F60003F3073 /* Project object */;
			proxyType = 1;
			remoteGlobalIDString = A06B8B0D1A290F60003F3073;
			remoteInfo = SomethingNewEveryDay;
		};
/* End PBXContainerItemProxy section */

/* Begin PBXFileReference section */
		A00177341A328D2E00369A23 /* WhatsBeenDoneTableViewController.swift */ = {isa = PBXFileReference; fileEncoding = 4; lastKnownFileType = sourcecode.swift; path = WhatsBeenDoneTableViewController.swift; sourceTree = "<group>"; };
		A029581A1A505F4A00203BB9 /* SomethingNewIcon.png */ = {isa = PBXFileReference; lastKnownFileType = image.png; path = SomethingNewIcon.png; sourceTree = "<group>"; };
		A03E74891A2D4AB00042461B /* SomthingNewViewController.swift */ = {isa = PBXFileReference; fileEncoding = 4; lastKnownFileType = sourcecode.swift; path = SomthingNewViewController.swift; sourceTree = "<group>"; };
		A06B8B0E1A290F60003F3073 /* SomethingNewEveryDay.app */ = {isa = PBXFileReference; explicitFileType = wrapper.application; includeInIndex = 0; path = SomethingNewEveryDay.app; sourceTree = BUILT_PRODUCTS_DIR; };
		A06B8B121A290F60003F3073 /* Info.plist */ = {isa = PBXFileReference; lastKnownFileType = text.plist.xml; path = Info.plist; sourceTree = "<group>"; };
		A06B8B131A290F60003F3073 /* AppDelegate.swift */ = {isa = PBXFileReference; lastKnownFileType = sourcecode.swift; path = AppDelegate.swift; sourceTree = "<group>"; };
		A06B8B161A290F60003F3073 /* SomethingNewEveryDay.xcdatamodel */ = {isa = PBXFileReference; lastKnownFileType = wrapper.xcdatamodel; path = SomethingNewEveryDay.xcdatamodel; sourceTree = "<group>"; };
		A06B8B1D1A290F60003F3073 /* Base */ = {isa = PBXFileReference; lastKnownFileType = file.storyboard; name = Base; path = Base.lproj/Main.storyboard; sourceTree = "<group>"; };
		A06B8B1F1A290F60003F3073 /* Images.xcassets */ = {isa = PBXFileReference; lastKnownFileType = folder.assetcatalog; path = Images.xcassets; sourceTree = "<group>"; };
		A06B8B221A290F60003F3073 /* Base */ = {isa = PBXFileReference; lastKnownFileType = file.xib; name = Base; path = Base.lproj/LaunchScreen.xib; sourceTree = "<group>"; };
		A06B8B281A290F60003F3073 /* SomethingNewEveryDayTests.xctest */ = {isa = PBXFileReference; explicitFileType = wrapper.cfbundle; includeInIndex = 0; path = SomethingNewEveryDayTests.xctest; sourceTree = BUILT_PRODUCTS_DIR; };
		A06B8B2D1A290F60003F3073 /* Info.plist */ = {isa = PBXFileReference; lastKnownFileType = text.plist.xml; path = Info.plist; sourceTree = "<group>"; };
		A06B8B2E1A290F60003F3073 /* SomethingNewEveryDayTests.swift */ = {isa = PBXFileReference; lastKnownFileType = sourcecode.swift; path = SomethingNewEveryDayTests.swift; sourceTree = "<group>"; };
		A06B8B381A290FBC003F3073 /* Bolts.framework */ = {isa = PBXFileReference; lastKnownFileType = wrapper.framework; path = Bolts.framework; sourceTree = "<group>"; };
		A06B8B391A290FBC003F3073 /* Parse.framework */ = {isa = PBXFileReference; lastKnownFileType = wrapper.framework; path = Parse.framework; sourceTree = "<group>"; };
		A06B8B3A1A290FBC003F3073 /* ParseFacebookUtils.framework */ = {isa = PBXFileReference; lastKnownFileType = wrapper.framework; path = ParseFacebookUtils.framework; sourceTree = "<group>"; };
		A06B8B3B1A290FBC003F3073 /* ParseUI.framework */ = {isa = PBXFileReference; lastKnownFileType = wrapper.framework; path = ParseUI.framework; sourceTree = "<group>"; };
		A06B8B401A2915C5003F3073 /* AudioToolbox.framework */ = {isa = PBXFileReference; lastKnownFileType = wrapper.framework; name = AudioToolbox.framework; path = System/Library/Frameworks/AudioToolbox.framework; sourceTree = SDKROOT; };
		A06B8B421A2915F7003F3073 /* CFNetwork.framework */ = {isa = PBXFileReference; lastKnownFileType = wrapper.framework; name = CFNetwork.framework; path = System/Library/Frameworks/CFNetwork.framework; sourceTree = SDKROOT; };
		A06B8B441A291605003F3073 /* CoreGraphics.framework */ = {isa = PBXFileReference; lastKnownFileType = wrapper.framework; name = CoreGraphics.framework; path = System/Library/Frameworks/CoreGraphics.framework; sourceTree = SDKROOT; };
		A06B8B461A291614003F3073 /* CoreLocation.framework */ = {isa = PBXFileReference; lastKnownFileType = wrapper.framework; name = CoreLocation.framework; path = System/Library/Frameworks/CoreLocation.framework; sourceTree = SDKROOT; };
		A06B8B481A29167F003F3073 /* libz.dylib */ = {isa = PBXFileReference; lastKnownFileType = "compiled.mach-o.dylib"; name = libz.dylib; path = usr/lib/libz.dylib; sourceTree = SDKROOT; };
		A06B8B4A1A2916A8003F3073 /* MobileCoreServices.framework */ = {isa = PBXFileReference; lastKnownFileType = wrapper.framework; name = MobileCoreServices.framework; path = System/Library/Frameworks/MobileCoreServices.framework; sourceTree = SDKROOT; };
		A06B8B4C1A2916B6003F3073 /* QuartzCore.framework */ = {isa = PBXFileReference; lastKnownFileType = wrapper.framework; name = QuartzCore.framework; path = System/Library/Frameworks/QuartzCore.framework; sourceTree = SDKROOT; };
		A06B8B4E1A2916C1003F3073 /* Security.framework */ = {isa = PBXFileReference; lastKnownFileType = wrapper.framework; name = Security.framework; path = System/Library/Frameworks/Security.framework; sourceTree = SDKROOT; };
		A06B8B501A2916CD003F3073 /* StoreKit.framework */ = {isa = PBXFileReference; lastKnownFileType = wrapper.framework; name = StoreKit.framework; path = System/Library/Frameworks/StoreKit.framework; sourceTree = SDKROOT; };
		A06B8B521A2916D9003F3073 /* SystemConfiguration.framework */ = {isa = PBXFileReference; lastKnownFileType = wrapper.framework; name = SystemConfiguration.framework; path = System/Library/Frameworks/SystemConfiguration.framework; sourceTree = SDKROOT; };
		A06B8B541A2918E9003F3073 /* SomethingNewEveryDay-Bridging-Header.h */ = {isa = PBXFileReference; lastKnownFileType = sourcecode.c.h; path = "SomethingNewEveryDay-Bridging-Header.h"; sourceTree = "<group>"; };
		A06B8B551A2918E9003F3073 /* hopefulHeader.m */ = {isa = PBXFileReference; fileEncoding = 4; lastKnownFileType = sourcecode.c.objc; path = hopefulHeader.m; sourceTree = "<group>"; };
		A07F84F61A3BA9F70059B163 /* DetailViewController.swift */ = {isa = PBXFileReference; fileEncoding = 4; lastKnownFileType = sourcecode.swift; name = DetailViewController.swift; path = ../DetailViewController.swift; sourceTree = "<group>"; };
		A0BEADA81A771EC1009350E3 /* SmileyTableViewCell.swift */ = {isa = PBXFileReference; fileEncoding = 4; lastKnownFileType = sourcecode.swift; path = SmileyTableViewCell.swift; sourceTree = "<group>"; };
		A0BEADAA1A780DC8009350E3 /* RoundedTextView.swift */ = {isa = PBXFileReference; fileEncoding = 4; lastKnownFileType = sourcecode.swift; name = RoundedTextView.swift; path = ../RoundedTextView.swift; sourceTree = "<group>"; };
		A0E4FD821A5DBD41008AE432 /* Accounts.framework */ = {isa = PBXFileReference; lastKnownFileType = wrapper.framework; name = Accounts.framework; path = System/Library/Frameworks/Accounts.framework; sourceTree = SDKROOT; };
		A0E4FD841A5DBD4C008AE432 /* Social.framework */ = {isa = PBXFileReference; lastKnownFileType = wrapper.framework; name = Social.framework; path = System/Library/Frameworks/Social.framework; sourceTree = SDKROOT; };
/* End PBXFileReference section */

/* Begin PBXFrameworksBuildPhase section */
		A06B8B0B1A290F60003F3073 /* Frameworks */ = {
			isa = PBXFrameworksBuildPhase;
			buildActionMask = 2147483647;
			files = (
				A0E4FD851A5DBD4C008AE432 /* Social.framework in Frameworks */,
				A0E4FD831A5DBD41008AE432 /* Accounts.framework in Frameworks */,
				A06B8B531A2916D9003F3073 /* SystemConfiguration.framework in Frameworks */,
				A06B8B511A2916CD003F3073 /* StoreKit.framework in Frameworks */,
				A06B8B4F1A2916C1003F3073 /* Security.framework in Frameworks */,
				A06B8B4D1A2916B6003F3073 /* QuartzCore.framework in Frameworks */,
				A06B8B4B1A2916A9003F3073 /* MobileCoreServices.framework in Frameworks */,
				A06B8B491A29167F003F3073 /* libz.dylib in Frameworks */,
				A06B8B471A291614003F3073 /* CoreLocation.framework in Frameworks */,
				A06B8B451A291605003F3073 /* CoreGraphics.framework in Frameworks */,
				A06B8B431A2915F7003F3073 /* CFNetwork.framework in Frameworks */,
				A06B8B411A2915C5003F3073 /* AudioToolbox.framework in Frameworks */,
				A06B8B3D1A290FBC003F3073 /* Parse.framework in Frameworks */,
				A06B8B3C1A290FBC003F3073 /* Bolts.framework in Frameworks */,
				A06B8B3F1A290FBC003F3073 /* ParseUI.framework in Frameworks */,
				A06B8B3E1A290FBC003F3073 /* ParseFacebookUtils.framework in Frameworks */,
			);
			runOnlyForDeploymentPostprocessing = 0;
		};
		A06B8B251A290F60003F3073 /* Frameworks */ = {
			isa = PBXFrameworksBuildPhase;
			buildActionMask = 2147483647;
			files = (
			);
			runOnlyForDeploymentPostprocessing = 0;
		};
/* End PBXFrameworksBuildPhase section */

/* Begin PBXGroup section */
		A06B8B051A290F60003F3073 = {
			isa = PBXGroup;
			children = (
				A0E4FD841A5DBD4C008AE432 /* Social.framework */,
				A0E4FD821A5DBD41008AE432 /* Accounts.framework */,
				A06B8B521A2916D9003F3073 /* SystemConfiguration.framework */,
				A06B8B501A2916CD003F3073 /* StoreKit.framework */,
				A06B8B4E1A2916C1003F3073 /* Security.framework */,
				A06B8B4C1A2916B6003F3073 /* QuartzCore.framework */,
				A06B8B4A1A2916A8003F3073 /* MobileCoreServices.framework */,
				A06B8B481A29167F003F3073 /* libz.dylib */,
				A06B8B461A291614003F3073 /* CoreLocation.framework */,
				A06B8B441A291605003F3073 /* CoreGraphics.framework */,
				A06B8B421A2915F7003F3073 /* CFNetwork.framework */,
				A06B8B401A2915C5003F3073 /* AudioToolbox.framework */,
				A06B8B381A290FBC003F3073 /* Bolts.framework */,
				A06B8B391A290FBC003F3073 /* Parse.framework */,
				A06B8B3A1A290FBC003F3073 /* ParseFacebookUtils.framework */,
				A06B8B3B1A290FBC003F3073 /* ParseUI.framework */,
				A06B8B101A290F60003F3073 /* SomethingNewEveryDay */,
				A06B8B2B1A290F60003F3073 /* SomethingNewEveryDayTests */,
				A06B8B0F1A290F60003F3073 /* Products */,
			);
			sourceTree = "<group>";
		};
		A06B8B0F1A290F60003F3073 /* Products */ = {
			isa = PBXGroup;
			children = (
				A06B8B0E1A290F60003F3073 /* SomethingNewEveryDay.app */,
				A06B8B281A290F60003F3073 /* SomethingNewEveryDayTests.xctest */,
			);
			name = Products;
			sourceTree = "<group>";
		};
		A06B8B101A290F60003F3073 /* SomethingNewEveryDay */ = {
			isa = PBXGroup;
			children = (
				A06B8B131A290F60003F3073 /* AppDelegate.swift */,
				A07F84F61A3BA9F70059B163 /* DetailViewController.swift */,
				A0BEADAA1A780DC8009350E3 /* RoundedTextView.swift */,
				A06B8B551A2918E9003F3073 /* hopefulHeader.m */,
				A06B8B1C1A290F60003F3073 /* Main.storyboard */,
				A0BEADA81A771EC1009350E3 /* SmileyTableViewCell.swift */,
				A00177341A328D2E00369A23 /* WhatsBeenDoneTableViewController.swift */,
				A03E74891A2D4AB00042461B /* SomthingNewViewController.swift */,
				A029581A1A505F4A00203BB9 /* SomethingNewIcon.png */,
				A06B8B1F1A290F60003F3073 /* Images.xcassets */,
				A06B8B211A290F60003F3073 /* LaunchScreen.xib */,
				A06B8B151A290F60003F3073 /* SomethingNewEveryDay.xcdatamodeld */,
				A06B8B111A290F60003F3073 /* Supporting Files */,
				A06B8B541A2918E9003F3073 /* SomethingNewEveryDay-Bridging-Header.h */,
			);
			path = SomethingNewEveryDay;
			sourceTree = "<group>";
		};
		A06B8B111A290F60003F3073 /* Supporting Files */ = {
			isa = PBXGroup;
			children = (
				A06B8B121A290F60003F3073 /* Info.plist */,
			);
			name = "Supporting Files";
			sourceTree = "<group>";
		};
		A06B8B2B1A290F60003F3073 /* SomethingNewEveryDayTests */ = {
			isa = PBXGroup;
			children = (
				A06B8B2E1A290F60003F3073 /* SomethingNewEveryDayTests.swift */,
				A06B8B2C1A290F60003F3073 /* Supporting Files */,
			);
			path = SomethingNewEveryDayTests;
			sourceTree = "<group>";
		};
		A06B8B2C1A290F60003F3073 /* Supporting Files */ = {
			isa = PBXGroup;
			children = (
				A06B8B2D1A290F60003F3073 /* Info.plist */,
			);
			name = "Supporting Files";
			sourceTree = "<group>";
		};
/* End PBXGroup section */

/* Begin PBXNativeTarget section */
		A06B8B0D1A290F60003F3073 /* SomethingNewEveryDay */ = {
			isa = PBXNativeTarget;
			buildConfigurationList = A06B8B321A290F60003F3073 /* Build configuration list for PBXNativeTarget "SomethingNewEveryDay" */;
			buildPhases = (
				A06B8B0A1A290F60003F3073 /* Sources */,
				A06B8B0B1A290F60003F3073 /* Frameworks */,
				A06B8B0C1A290F60003F3073 /* Resources */,
			);
			buildRules = (
			);
			dependencies = (
			);
			name = SomethingNewEveryDay;
			productName = SomethingNewEveryDay;
			productReference = A06B8B0E1A290F60003F3073 /* SomethingNewEveryDay.app */;
			productType = "com.apple.product-type.application";
		};
		A06B8B271A290F60003F3073 /* SomethingNewEveryDayTests */ = {
			isa = PBXNativeTarget;
			buildConfigurationList = A06B8B351A290F60003F3073 /* Build configuration list for PBXNativeTarget "SomethingNewEveryDayTests" */;
			buildPhases = (
				A06B8B241A290F60003F3073 /* Sources */,
				A06B8B251A290F60003F3073 /* Frameworks */,
				A06B8B261A290F60003F3073 /* Resources */,
			);
			buildRules = (
			);
			dependencies = (
				A06B8B2A1A290F60003F3073 /* PBXTargetDependency */,
			);
			name = SomethingNewEveryDayTests;
			productName = SomethingNewEveryDayTests;
			productReference = A06B8B281A290F60003F3073 /* SomethingNewEveryDayTests.xctest */;
			productType = "com.apple.product-type.bundle.unit-test";
		};
/* End PBXNativeTarget section */

/* Begin PBXProject section */
		A06B8B061A290F60003F3073 /* Project object */ = {
			isa = PBXProject;
			attributes = {
				LastUpgradeCheck = 0610;
				ORGANIZATIONNAME = "Ty Parker";
				TargetAttributes = {
					A06B8B0D1A290F60003F3073 = {
						CreatedOnToolsVersion = 6.1;
						DevelopmentTeam = LWU6UTV638;
					};
					A06B8B271A290F60003F3073 = {
						CreatedOnToolsVersion = 6.1;
						DevelopmentTeam = LWU6UTV638;
						TestTargetID = A06B8B0D1A290F60003F3073;
					};
				};
			};
			buildConfigurationList = A06B8B091A290F60003F3073 /* Build configuration list for PBXProject "SomethingNewEveryDay" */;
			compatibilityVersion = "Xcode 3.2";
			developmentRegion = English;
			hasScannedForEncodings = 0;
			knownRegions = (
				en,
				Base,
			);
			mainGroup = A06B8B051A290F60003F3073;
			productRefGroup = A06B8B0F1A290F60003F3073 /* Products */;
			projectDirPath = "";
			projectRoot = "";
			targets = (
				A06B8B0D1A290F60003F3073 /* SomethingNewEveryDay */,
				A06B8B271A290F60003F3073 /* SomethingNewEveryDayTests */,
			);
		};
/* End PBXProject section */

/* Begin PBXResourcesBuildPhase section */
		A06B8B0C1A290F60003F3073 /* Resources */ = {
			isa = PBXResourcesBuildPhase;
			buildActionMask = 2147483647;
			files = (
				A029581B1A505F4A00203BB9 /* SomethingNewIcon.png in Resources */,
				A06B8B1E1A290F60003F3073 /* Main.storyboard in Resources */,
				A06B8B231A290F60003F3073 /* LaunchScreen.xib in Resources */,
				A06B8B201A290F60003F3073 /* Images.xcassets in Resources */,
			);
			runOnlyForDeploymentPostprocessing = 0;
		};
		A06B8B261A290F60003F3073 /* Resources */ = {
			isa = PBXResourcesBuildPhase;
			buildActionMask = 2147483647;
			files = (
			);
			runOnlyForDeploymentPostprocessing = 0;
		};
/* End PBXResourcesBuildPhase section */

/* Begin PBXSourcesBuildPhase section */
		A06B8B0A1A290F60003F3073 /* Sources */ = {
			isa = PBXSourcesBuildPhase;
			buildActionMask = 2147483647;
			files = (
				A07F84F71A3BA9F70059B163 /* DetailViewController.swift in Sources */,
				A0BEADAB1A780DC8009350E3 /* RoundedTextView.swift in Sources */,
				A0BEADA91A771EC1009350E3 /* SmileyTableViewCell.swift in Sources */,
				A06B8B171A290F60003F3073 /* SomethingNewEveryDay.xcdatamodeld in Sources */,
				A06B8B141A290F60003F3073 /* AppDelegate.swift in Sources */,
				A03E748A1A2D4AB00042461B /* SomthingNewViewController.swift in Sources */,
				A00177351A328D2E00369A23 /* WhatsBeenDoneTableViewController.swift in Sources */,
				A06B8B561A2918E9003F3073 /* hopefulHeader.m in Sources */,
			);
			runOnlyForDeploymentPostprocessing = 0;
		};
		A06B8B241A290F60003F3073 /* Sources */ = {
			isa = PBXSourcesBuildPhase;
			buildActionMask = 2147483647;
			files = (
				A06B8B2F1A290F60003F3073 /* SomethingNewEveryDayTests.swift in Sources */,
			);
			runOnlyForDeploymentPostprocessing = 0;
		};
/* End PBXSourcesBuildPhase section */

/* Begin PBXTargetDependency section */
		A06B8B2A1A290F60003F3073 /* PBXTargetDependency */ = {
			isa = PBXTargetDependency;
			target = A06B8B0D1A290F60003F3073 /* SomethingNewEveryDay */;
			targetProxy = A06B8B291A290F60003F3073 /* PBXContainerItemProxy */;
		};
/* End PBXTargetDependency section */

/* Begin PBXVariantGroup section */
		A06B8B1C1A290F60003F3073 /* Main.storyboard */ = {
			isa = PBXVariantGroup;
			children = (
				A06B8B1D1A290F60003F3073 /* Base */,
			);
			name = Main.storyboard;
			sourceTree = "<group>";
		};
		A06B8B211A290F60003F3073 /* LaunchScreen.xib */ = {
			isa = PBXVariantGroup;
			children = (
				A06B8B221A290F60003F3073 /* Base */,
			);
			name = LaunchScreen.xib;
			sourceTree = "<group>";
		};
/* End PBXVariantGroup section */

/* Begin XCBuildConfiguration section */
		A06B8B301A290F60003F3073 /* Debug */ = {
			isa = XCBuildConfiguration;
			buildSettings = {
				ALWAYS_SEARCH_USER_PATHS = NO;
				CLANG_CXX_LANGUAGE_STANDARD = "gnu++0x";
				CLANG_CXX_LIBRARY = "libc++";
				CLANG_ENABLE_MODULES = YES;
				CLANG_ENABLE_OBJC_ARC = YES;
				CLANG_WARN_BOOL_CONVERSION = YES;
				CLANG_WARN_CONSTANT_CONVERSION = YES;
				CLANG_WARN_DIRECT_OBJC_ISA_USAGE = YES_ERROR;
				CLANG_WARN_EMPTY_BODY = YES;
				CLANG_WARN_ENUM_CONVERSION = YES;
				CLANG_WARN_INT_CONVERSION = YES;
				CLANG_WARN_OBJC_ROOT_CLASS = YES_ERROR;
				CLANG_WARN_UNREACHABLE_CODE = YES;
				CLANG_WARN__DUPLICATE_METHOD_MATCH = YES;
				CODE_SIGN_IDENTITY = "iPhone Developer: Ty Parker (36V72JB435)";
				"CODE_SIGN_IDENTITY[sdk=iphoneos*]" = "iPhone Developer: Ty Parker (36V72JB435)";
				COPY_PHASE_STRIP = NO;
				ENABLE_STRICT_OBJC_MSGSEND = YES;
				GCC_C_LANGUAGE_STANDARD = gnu99;
				GCC_DYNAMIC_NO_PIC = NO;
				GCC_OPTIMIZATION_LEVEL = 0;
				GCC_PREPROCESSOR_DEFINITIONS = (
					"DEBUG=1",
					"$(inherited)",
				);
				GCC_SYMBOLS_PRIVATE_EXTERN = NO;
				GCC_WARN_64_TO_32_BIT_CONVERSION = YES;
				GCC_WARN_ABOUT_RETURN_TYPE = YES_ERROR;
				GCC_WARN_UNDECLARED_SELECTOR = YES;
				GCC_WARN_UNINITIALIZED_AUTOS = YES_AGGRESSIVE;
				GCC_WARN_UNUSED_FUNCTION = YES;
				GCC_WARN_UNUSED_VARIABLE = YES;
				IPHONEOS_DEPLOYMENT_TARGET = 8.1;
				MTL_ENABLE_DEBUG_INFO = YES;
				ONLY_ACTIVE_ARCH = YES;
				SDKROOT = iphoneos;
				SWIFT_OPTIMIZATION_LEVEL = "-Onone";
			};
			name = Debug;
		};
		A06B8B311A290F60003F3073 /* Release */ = {
			isa = XCBuildConfiguration;
			buildSettings = {
				ALWAYS_SEARCH_USER_PATHS = NO;
				CLANG_CXX_LANGUAGE_STANDARD = "gnu++0x";
				CLANG_CXX_LIBRARY = "libc++";
				CLANG_ENABLE_MODULES = YES;
				CLANG_ENABLE_OBJC_ARC = YES;
				CLANG_WARN_BOOL_CONVERSION = YES;
				CLANG_WARN_CONSTANT_CONVERSION = YES;
				CLANG_WARN_DIRECT_OBJC_ISA_USAGE = YES_ERROR;
				CLANG_WARN_EMPTY_BODY = YES;
				CLANG_WARN_ENUM_CONVERSION = YES;
				CLANG_WARN_INT_CONVERSION = YES;
				CLANG_WARN_OBJC_ROOT_CLASS = YES_ERROR;
				CLANG_WARN_UNREACHABLE_CODE = YES;
				CLANG_WARN__DUPLICATE_METHOD_MATCH = YES;
				CODE_SIGN_IDENTITY = "iPhone Developer: Ty Parker (36V72JB435)";
				"CODE_SIGN_IDENTITY[sdk=iphoneos*]" = "iPhone Developer: Ty Parker (36V72JB435)";
				COPY_PHASE_STRIP = YES;
				ENABLE_NS_ASSERTIONS = NO;
				ENABLE_STRICT_OBJC_MSGSEND = YES;
				GCC_C_LANGUAGE_STANDARD = gnu99;
				GCC_WARN_64_TO_32_BIT_CONVERSION = YES;
				GCC_WARN_ABOUT_RETURN_TYPE = YES_ERROR;
				GCC_WARN_UNDECLARED_SELECTOR = YES;
				GCC_WARN_UNINITIALIZED_AUTOS = YES_AGGRESSIVE;
				GCC_WARN_UNUSED_FUNCTION = YES;
				GCC_WARN_UNUSED_VARIABLE = YES;
				IPHONEOS_DEPLOYMENT_TARGET = 8.1;
				MTL_ENABLE_DEBUG_INFO = NO;
				SDKROOT = iphoneos;
				VALIDATE_PRODUCT = YES;
			};
			name = Release;
		};
		A06B8B331A290F60003F3073 /* Debug */ = {
			isa = XCBuildConfiguration;
			buildSettings = {
				ASSETCATALOG_COMPILER_APPICON_NAME = AppIcon;
				CLANG_ENABLE_MODULES = YES;
				CODE_SIGN_IDENTITY = "iPhone Developer";
				"CODE_SIGN_IDENTITY[sdk=iphoneos*]" = "iPhone Developer";
				FRAMEWORK_SEARCH_PATHS = (
					"$(inherited)",
					"$(PROJECT_DIR)",
				);
				INFOPLIST_FILE = SomethingNewEveryDay/Info.plist;
				LD_RUNPATH_SEARCH_PATHS = "$(inherited) @executable_path/Frameworks";
				PRODUCT_NAME = "$(TARGET_NAME)";
				PROVISIONING_PROFILE = "";
				SWIFT_OBJC_BRIDGING_HEADER = "SomethingNewEveryDay/SomethingNewEveryDay-Bridging-Header.h";
				SWIFT_OPTIMIZATION_LEVEL = "-Onone";
			};
			name = Debug;
		};
		A06B8B341A290F60003F3073 /* Release */ = {
			isa = XCBuildConfiguration;
			buildSettings = {
				ASSETCATALOG_COMPILER_APPICON_NAME = AppIcon;
				CLANG_ENABLE_MODULES = YES;
				CODE_SIGN_IDENTITY = "iPhone Developer";
				"CODE_SIGN_IDENTITY[sdk=iphoneos*]" = "iPhone Developer";
				FRAMEWORK_SEARCH_PATHS = (
					"$(inherited)",
					"$(PROJECT_DIR)",
				);
				INFOPLIST_FILE = SomethingNewEveryDay/Info.plist;
				LD_RUNPATH_SEARCH_PATHS = "$(inherited) @executable_path/Frameworks";
				PRODUCT_NAME = "$(TARGET_NAME)";
				PROVISIONING_PROFILE = "";
				SWIFT_OBJC_BRIDGING_HEADER = "SomethingNewEveryDay/SomethingNewEveryDay-Bridging-Header.h";
			};
			name = Release;
		};
		A06B8B361A290F60003F3073 /* Debug */ = {
			isa = XCBuildConfiguration;
			buildSettings = {
				BUNDLE_LOADER = "$(TEST_HOST)";
				CODE_SIGN_IDENTITY = "iPhone Developer";
				"CODE_SIGN_IDENTITY[sdk=iphoneos*]" = "iPhone Developer";
				FRAMEWORK_SEARCH_PATHS = (
					"$(SDKROOT)/Developer/Library/Frameworks",
					"$(inherited)",
				);
				GCC_PREPROCESSOR_DEFINITIONS = (
					"DEBUG=1",
					"$(inherited)",
				);
				INFOPLIST_FILE = SomethingNewEveryDayTests/Info.plist;
				LD_RUNPATH_SEARCH_PATHS = "$(inherited) @executable_path/Frameworks @loader_path/Frameworks";
				PRODUCT_NAME = "$(TARGET_NAME)";
				PROVISIONING_PROFILE = "";
				TEST_HOST = "$(BUILT_PRODUCTS_DIR)/SomethingNewEveryDay.app/SomethingNewEveryDay";
			};
			name = Debug;
		};
		A06B8B371A290F60003F3073 /* Release */ = {
			isa = XCBuildConfiguration;
			buildSettings = {
				BUNDLE_LOADER = "$(TEST_HOST)";
				CODE_SIGN_IDENTITY = "iPhone Developer";
				"CODE_SIGN_IDENTITY[sdk=iphoneos*]" = "iPhone Developer";
				FRAMEWORK_SEARCH_PATHS = (
					"$(SDKROOT)/Developer/Library/Frameworks",
					"$(inherited)",
				);
				INFOPLIST_FILE = SomethingNewEveryDayTests/Info.plist;
				LD_RUNPATH_SEARCH_PATHS = "$(inherited) @executable_path/Frameworks @loader_path/Frameworks";
				PRODUCT_NAME = "$(TARGET_NAME)";
				PROVISIONING_PROFILE = "";
				TEST_HOST = "$(BUILT_PRODUCTS_DIR)/SomethingNewEveryDay.app/SomethingNewEveryDay";
			};
			name = Release;
		};
/* End XCBuildConfiguration section */

/* Begin XCConfigurationList section */
		A06B8B091A290F60003F3073 /* Build configuration list for PBXProject "SomethingNewEveryDay" */ = {
			isa = XCConfigurationList;
			buildConfigurations = (
				A06B8B301A290F60003F3073 /* Debug */,
				A06B8B311A290F60003F3073 /* Release */,
			);
			defaultConfigurationIsVisible = 0;
			defaultConfigurationName = Release;
		};
		A06B8B321A290F60003F3073 /* Build configuration list for PBXNativeTarget "SomethingNewEveryDay" */ = {
			isa = XCConfigurationList;
			buildConfigurations = (
				A06B8B331A290F60003F3073 /* Debug */,
				A06B8B341A290F60003F3073 /* Release */,
			);
			defaultConfigurationIsVisible = 0;
			defaultConfigurationName = Release;
		};
		A06B8B351A290F60003F3073 /* Build configuration list for PBXNativeTarget "SomethingNewEveryDayTests" */ = {
			isa = XCConfigurationList;
			buildConfigurations = (
				A06B8B361A290F60003F3073 /* Debug */,
				A06B8B371A290F60003F3073 /* Release */,
			);
			defaultConfigurationIsVisible = 0;
			defaultConfigurationName = Release;
		};
/* End XCConfigurationList section */

/* Begin XCVersionGroup section */
		A06B8B151A290F60003F3073 /* SomethingNewEveryDay.xcdatamodeld */ = {
			isa = XCVersionGroup;
			children = (
				A06B8B161A290F60003F3073 /* SomethingNewEveryDay.xcdatamodel */,
			);
			currentVersion = A06B8B161A290F60003F3073 /* SomethingNewEveryDay.xcdatamodel */;
			path = SomethingNewEveryDay.xcdatamodeld;
			sourceTree = "<group>";
			versionGroupType = wrapper.xcdatamodel;
		};
/* End XCVersionGroup section */
	};
	rootObject = A06B8B061A290F60003F3073 /* Project object */;
}
